<?xml version="1.0" encoding="UTF-8"?>
<CONFIG>
  <ProjectOptions>
    <Version Value="12"/>
    <PathDelim Value="\"/>
    <General>
      <SessionStorage Value="InProjectDir"/>
      <Title Value="JsonViewer"/>
      <Scaled Value="True"/>
      <ResourceType Value="res"/>
      <UseXPManifest Value="True"/>
      <XPManifest>
        <DpiAware Value="True"/>
        <LongPathAware Value="True"/>
      </XPManifest>
      <Icon Value="0"/>
    </General>
    <i18n>
      <EnableI18N Value="True"/>
      <OutDir Value="Languages"/>
    </i18n>
    <VersionInfo>
      <UseVersionInfo Value="True"/>
      <MinorVersionNr Value="4"/>
      <StringTable Comments="-" CompanyName="-" FileDescription="JsonViewer" InternalName="-" LegalCopyright="Hans van Buggenum" LegalTrademarks="-" OriginalFilename="-" ProductName="Json viewer" ProductVersion="1.0.0.0"/>
    </VersionInfo>
    <BuildModes>
      <Item Name="Default" Default="True"/>
      <Item Name="Debug">
        <CompilerOptions>
          <Version Value="11"/>
          <PathDelim Value="\"/>
          <Target>
            <Filename Value="JsonViewer"/>
          </Target>
          <SearchPaths>
            <IncludeFiles Value="$(ProjOutDir)"/>
            <UnitOutputDirectory Value="lib\$(TargetCPU)-$(TargetOS)"/>
          </SearchPaths>
          <Parsing>
            <SyntaxOptions>
              <IncludeAssertionCode Value="True"/>
            </SyntaxOptions>
          </Parsing>
          <CodeGeneration>
            <Checks>
              <IOChecks Value="True"/>
              <RangeChecks Value="True"/>
              <OverflowChecks Value="True"/>
              <StackChecks Value="True"/>
            </Checks>
            <VerifyObjMethodCallValidity Value="True"/>
          </CodeGeneration>
          <Linking>
            <Debugging>
              <DebugInfoType Value="dsDwarf3"/>
              <UseHeaptrc Value="True"/>
              <TrashVariables Value="True"/>
              <UseExternalDbgSyms Value="True"/>
            </Debugging>
            <Options>
              <Win32>
                <GraphicApplication Value="True"/>
              </Win32>
            </Options>
          </Linking>
          <Other>
            <Verbosity>
              <ShowHintsForUnusedUnitsInMainSrc Value="True"/>
            </Verbosity>
          </Other>
        </CompilerOptions>
      </Item>
      <Item Name="Release">
        <CompilerOptions>
          <Version Value="11"/>
          <PathDelim Value="\"/>
          <Target>
            <Filename Value="JsonViewer"/>
          </Target>
          <SearchPaths>
            <IncludeFiles Value="$(ProjOutDir)"/>
            <UnitOutputDirectory Value="lib\$(TargetCPU)-$(TargetOS)"/>
          </SearchPaths>
          <CodeGeneration>
            <SmartLinkUnit Value="True"/>
            <TargetCPU Value="x86_64"/>
            <TargetOS Value="win64"/>
            <Optimizations>
              <OptimizationLevel Value="3"/>
            </Optimizations>
          </CodeGeneration>
          <Linking>
            <Debugging>
              <GenerateDebugInfo Value="False"/>
              <DebugInfoType Value="dsDwarf3"/>
            </Debugging>
            <LinkSmart Value="True"/>
            <Options>
              <Win32>
                <GraphicApplication Value="True"/>
              </Win32>
            </Options>
          </Linking>
        </CompilerOptions>
      </Item>
    </BuildModes>
    <PublishOptions>
      <Version Value="2"/>
      <DestinationDirectory Value="D:\Programma\Pascal\Json_viewer\publish"/>
      <CompressFinally Value="False"/>
      <UseFileFilters Value="True"/>
    </PublishOptions>
    <RunParams>
      <FormatVersion Value="2"/>
    </RunParams>
    <RequiredPackages>
      <Item>
        <PackageName Value="Printer4Lazarus"/>
      </Item>
      <Item>
        <PackageName Value="SynEdit"/>
      </Item>
      <Item>
        <PackageName Value="LCL"/>
      </Item>
    </RequiredPackages>
    <Units>
      <Unit>
        <Filename Value="JsonViewer.lpr"/>
        <IsPartOfProject Value="True"/>
      </Unit>
      <Unit>
        <Filename Value="form_main.pas"/>
        <IsPartOfProject Value="True"/>
        <ComponentName Value="FrmMain"/>
        <HasResources Value="True"/>
        <ResourceBaseClass Value="Form"/>
        <UnitName Value="Form_Main"/>
      </Unit>
      <Unit>
        <Filename Value="jsonformatter.pas"/>
        <IsPartOfProject Value="True"/>
        <UnitName Value="JsonFormatter"/>
      </Unit>
      <Unit>
        <Filename Value="applicationenvironment.pas"/>
        <IsPartOfProject Value="True"/>
        <UnitName Value="ApplicationEnvironment"/>
      </Unit>
      <Unit>
        <Filename Value="settings.pas"/>
        <IsPartOfProject Value="True"/>
        <UnitName Value="Settings"/>
      </Unit>
      <Unit>
        <Filename Value="settingsmanager.pas"/>
        <IsPartOfProject Value="True"/>
        <UnitName Value="Settingsmanager"/>
      </Unit>
      <Unit>
        <Filename Value="logging.pas"/>
        <IsPartOfProject Value="True"/>
        <UnitName Value="Logging"/>
      </Unit>
      <Unit>
        <Filename Value="visual.pas"/>
        <IsPartOfProject Value="True"/>
        <UnitName Value="Visual"/>
      </Unit>
      <Unit>
        <Filename Value="formconfigure.pas"/>
        <IsPartOfProject Value="True"/>
        <ComponentName Value="Frm_Configure"/>
        <HasResources Value="True"/>
        <ResourceBaseClass Value="Form"/>
        <UnitName Value="FormConfigure"/>
      </Unit>
      <Unit>
        <Filename Value="treeviewutils.pas"/>
        <IsPartOfProject Value="True"/>
        <UnitName Value="TreeviewUtils"/>
      </Unit>
      <Unit>
        <Filename Value="filelocations.pas"/>
        <IsPartOfProject Value="True"/>
        <UnitName Value="FileLocations"/>
      </Unit>
      <Unit>
        <Filename Value="resourcestrings.pas"/>
        <IsPartOfProject Value="True"/>
        <UnitName Value="ResourceStrings"/>
      </Unit>
      <Unit>
        <Filename Value="usyneditsearch.pas"/>
        <IsPartOfProject Value="True"/>
        <UnitName Value="uSynEditSearch"/>
      </Unit>
      <Unit>
        <Filename Value="jsonfloat4number.pas"/>
        <IsPartOfProject Value="True"/>
        <UnitName Value="JsonFloat4Number"/>
      </Unit>
      <Unit>
        <Filename Value="printerutils.pas"/>
        <IsPartOfProject Value="True"/>
        <UnitName Value="PrinterUtils"/>
      </Unit>
    </Units>
  </ProjectOptions>
  <CompilerOptions>
    <Version Value="11"/>
    <PathDelim Value="\"/>
    <Target>
      <Filename Value="JsonViewer"/>
    </Target>
    <SearchPaths>
      <IncludeFiles Value="$(ProjOutDir)"/>
      <UnitOutputDirectory Value="lib\$(TargetCPU)-$(TargetOS)"/>
    </SearchPaths>
    <Linking>
      <Debugging>
        <DebugInfoType Value="dsDwarf3"/>
      </Debugging>
      <Options>
        <Win32>
          <GraphicApplication Value="True"/>
        </Win32>
      </Options>
    </Linking>
  </CompilerOptions>
  <Debugging>
    <Exceptions>
      <Item>
        <Name Value="EAbort"/>
      </Item>
      <Item>
        <Name Value="ECodetoolError"/>
      </Item>
      <Item>
        <Name Value="EFOpenError"/>
      </Item>
    </Exceptions>
  </Debugging>
</CONFIG>
